
Microsoft Visual Studio Solution File, Format Version 12.00
# Visual Studio 2012
Project("{FAE04EC0-301F-11D3-BF4B-00C04F79EFBC}") = "Facts", "Facts\Facts.csproj", "{4BD253A9-99E2-4DCD-A763-6A228BA15C52}"
EndProject
Project("{FAE04EC0-301F-11D3-BF4B-00C04F79EFBC}") = "OpenIDConnectRelyingParty", "OpenIDConnectRelyingParty\OpenIDConnectRelyingParty.csproj", "{400E5C37-0646-493E-B0AE-AF45DFD48F7D}"
EndProject
Global
	GlobalSection(SolutionConfigurationPlatforms) = preSolution
		Debug|Any CPU = Debug|Any CPU
		Release|Any CPU = Release|Any CPU
	EndGlobalSection
	GlobalSection(ProjectConfigurationPlatforms) = postSolution
		{4BD253A9-99E2-4DCD-A763-6A228BA15C52}.Debug|Any CPU.ActiveCfg = Debug|Any CPU
		{4BD253A9-99E2-4DCD-A763-6A228BA15C52}.Debug|Any CPU.Build.0 = Debug|Any CPU
		{4BD253A9-99E2-4DCD-A763-6A228BA15C52}.Release|Any CPU.ActiveCfg = Release|Any CPU
		{4BD253A9-99E2-4DCD-A763-6A228BA15C52}.Release|Any CPU.Build.0 = Release|Any CPU
		{400E5C37-0646-493E-B0AE-AF45DFD48F7D}.Debug|Any CPU.ActiveCfg = Debug|Any CPU
		{400E5C37-0646-493E-B0AE-AF45DFD48F7D}.Debug|Any CPU.Build.0 = Debug|Any CPU
		{400E5C37-0646-493E-B0AE-AF45DFD48F7D}.Release|Any CPU.ActiveCfg = Release|Any CPU
		{400E5C37-0646-493E-B0AE-AF45DFD48F7D}.Release|Any CPU.Build.0 = Release|Any CPU
	EndGlobalSection
	GlobalSection(SolutionProperties) = preSolution
		HideSolutionNode = FALSE
	EndGlobalSection
EndGlobal
